
Microsoft Visual Studio Solution File, Format Version 12.00
# Visual Studio Version 16
VisualStudioVersion = 16.0.30114.105
MinimumVisualStudioVersion = 10.0.40219.1
Project("{FAE04EC0-301F-11D3-BF4B-00C04F79EFBC}") = "testhello", "testhello\testhello.csproj", "{EAA2B3B4-CDCB-4351-8D5D-2A0805B31F52}"
EndProject
Project("{FAE04EC0-301F-11D3-BF4B-00C04F79EFBC}") = "testbasicgrammer", "testbasicgrammer\testbasicgrammer.csproj", "{14FD8344-390F-42B7-9922-43B31F359EAD}"
EndProject
Project("{FAE04EC0-301F-11D3-BF4B-00C04F79EFBC}") = "testdatatype", "testdatatype\testdatatype.csproj", "{3FE2A864-E7A3-4665-8E7B-F0B3D5A9F4DF}"
EndProject
Project("{FAE04EC0-301F-11D3-BF4B-00C04F79EFBC}") = "testswitch", "testswitch\testswitch.csproj", "{FEC2B0C2-EC32-4F7D-AED2-50D55B6A0F30}"
EndProject
Project("{FAE04EC0-301F-11D3-BF4B-00C04F79EFBC}") = "testinternal", "testinternal\testinternal.csproj", "{67F10F8C-F708-4D54-8AF2-9D391CBA9B5F}"
EndProject
Project("{FAE04EC0-301F-11D3-BF4B-00C04F79EFBC}") = "testmethod", "testmethod\testmethod.csproj", "{BAB7E310-3F30-461D-8384-D55DBD25471E}"
EndProject
Project("{FAE04EC0-301F-11D3-BF4B-00C04F79EFBC}") = "testnullable", "testnullable\testnullable.csproj", "{95739A2D-B0A5-4F75-9F2E-AD626F5B15DA}"
EndProject
Project("{FAE04EC0-301F-11D3-BF4B-00C04F79EFBC}") = "testarray", "testarray\testarray.csproj", "{D16F0E5E-B6C7-4AA8-95D9-7A9B3B7BCA40}"
EndProject
Project("{FAE04EC0-301F-11D3-BF4B-00C04F79EFBC}") = "teststring", "teststring\teststring.csproj", "{0C2E0A2F-2ABE-4AA3-AAFB-BF2CE24D2D82}"
EndProject
Project("{FAE04EC0-301F-11D3-BF4B-00C04F79EFBC}") = "teststruct", "teststruct\teststruct.csproj", "{4994CC12-5FEF-4AC1-B8A0-F359778EE3DC}"
EndProject
Project("{FAE04EC0-301F-11D3-BF4B-00C04F79EFBC}") = "testclass", "testclass\testclass.csproj", "{AEE78E75-360B-432A-AAD1-00F25AA65504}"
EndProject
Project("{FAE04EC0-301F-11D3-BF4B-00C04F79EFBC}") = "testinherit", "testinherit\testinherit.csproj", "{3A75BAB9-5F9D-4396-8387-35B09182951A}"
EndProject
Project("{FAE04EC0-301F-11D3-BF4B-00C04F79EFBC}") = "testpolymorphism", "testpolymorphism\testpolymorphism.csproj", "{CA72A191-6CE6-40E7-84C6-6DA479EA9BB5}"
EndProject
Project("{FAE04EC0-301F-11D3-BF4B-00C04F79EFBC}") = "testoperator", "testoperator\testoperator.csproj", "{B48DE792-E5CF-4088-B4F5-8ABD398031E7}"
EndProject
Project("{FAE04EC0-301F-11D3-BF4B-00C04F79EFBC}") = "testinterface", "testinterface\testinterface.csproj", "{3BC90728-EC86-4773-A0AA-62E1ABC9F423}"
EndProject
Project("{FAE04EC0-301F-11D3-BF4B-00C04F79EFBC}") = "testnamespace", "testnamespace\testnamespace.csproj", "{68F79285-DD49-4857-860A-4FB01012F22C}"
EndProject
Project("{FAE04EC0-301F-11D3-BF4B-00C04F79EFBC}") = "testdefine", "testdefine\testdefine.csproj", "{911AE3AB-32A7-4364-9673-0877C58FB269}"
EndProject
Project("{FAE04EC0-301F-11D3-BF4B-00C04F79EFBC}") = "testexception", "testexception\testexception.csproj", "{23636806-6902-4F35-8D9D-481C05CD227A}"
EndProject
Project("{FAE04EC0-301F-11D3-BF4B-00C04F79EFBC}") = "teststream", "teststream\teststream.csproj", "{D8719BCF-7854-478C-BB22-A10B4A9A0628}"
EndProject
Project("{FAE04EC0-301F-11D3-BF4B-00C04F79EFBC}") = "testatrribute", "testatrribute\testatrribute.csproj", "{97A3BC32-3766-4DD9-BD8D-B5EE600AC993}"
EndProject
Project("{FAE04EC0-301F-11D3-BF4B-00C04F79EFBC}") = "testreflection", "testreflection\testreflection.csproj", "{8A031AC2-76D2-44B0-A9E2-F75670F897B8}"
EndProject
Project("{FAE04EC0-301F-11D3-BF4B-00C04F79EFBC}") = "testproperty", "testproperty\testproperty.csproj", "{0960BED4-6E6E-4AC5-8187-C73B9F0FB95D}"
EndProject
Project("{FAE04EC0-301F-11D3-BF4B-00C04F79EFBC}") = "testindexer", "testindexer\testindexer.csproj", "{264CE52B-7E13-4322-A7B7-D585AA428506}"
EndProject
Project("{FAE04EC0-301F-11D3-BF4B-00C04F79EFBC}") = "testdelegate", "testdelegate\testdelegate.csproj", "{26637DB9-393A-451C-A533-04AC2E99993A}"
EndProject
Project("{FAE04EC0-301F-11D3-BF4B-00C04F79EFBC}") = "testevent", "testevent\testevent.csproj", "{D39365D7-3CDA-4749-A8CC-5536A2E1CAF8}"
EndProject
Project("{9A19103F-16F7-4668-BE54-9A1E7A4F7556}") = "testcollection", "testcollection\testcollection.csproj", "{2CAB5292-5365-41F5-BC51-802EDE710444}"
EndProject
Project("{FAE04EC0-301F-11D3-BF4B-00C04F79EFBC}") = "testgeneric", "testgeneric\testgeneric.csproj", "{9F18EA7D-EC7B-49E4-897B-26095EB2A738}"
EndProject
Project("{FAE04EC0-301F-11D3-BF4B-00C04F79EFBC}") = "testanonymous", "testanonymous\testanonymous.csproj", "{C7312324-58D0-441F-99B0-C7AE66A7A97E}"
EndProject
Project("{FAE04EC0-301F-11D3-BF4B-00C04F79EFBC}") = "testunsafe", "testunsafe\testunsafe.csproj", "{A27B8CDD-9DD0-44FD-A0C4-EC5061A7B21F}"
EndProject
Project("{FAE04EC0-301F-11D3-BF4B-00C04F79EFBC}") = "testthread", "testthread\testthread.csproj", "{72AE7B7F-2FFD-4ED3-842E-78B48A66E9C1}"
EndProject
Global
	GlobalSection(SolutionConfigurationPlatforms) = preSolution
		Debug|Any CPU = Debug|Any CPU
		Release|Any CPU = Release|Any CPU
	EndGlobalSection
	GlobalSection(ProjectConfigurationPlatforms) = postSolution
		{EAA2B3B4-CDCB-4351-8D5D-2A0805B31F52}.Debug|Any CPU.ActiveCfg = Debug|Any CPU
		{EAA2B3B4-CDCB-4351-8D5D-2A0805B31F52}.Debug|Any CPU.Build.0 = Debug|Any CPU
		{EAA2B3B4-CDCB-4351-8D5D-2A0805B31F52}.Release|Any CPU.ActiveCfg = Release|Any CPU
		{EAA2B3B4-CDCB-4351-8D5D-2A0805B31F52}.Release|Any CPU.Build.0 = Release|Any CPU
		{14FD8344-390F-42B7-9922-43B31F359EAD}.Debug|Any CPU.ActiveCfg = Debug|Any CPU
		{14FD8344-390F-42B7-9922-43B31F359EAD}.Debug|Any CPU.Build.0 = Debug|Any CPU
		{14FD8344-390F-42B7-9922-43B31F359EAD}.Release|Any CPU.ActiveCfg = Release|Any CPU
		{14FD8344-390F-42B7-9922-43B31F359EAD}.Release|Any CPU.Build.0 = Release|Any CPU
		{3FE2A864-E7A3-4665-8E7B-F0B3D5A9F4DF}.Debug|Any CPU.ActiveCfg = Debug|Any CPU
		{3FE2A864-E7A3-4665-8E7B-F0B3D5A9F4DF}.Debug|Any CPU.Build.0 = Debug|Any CPU
		{3FE2A864-E7A3-4665-8E7B-F0B3D5A9F4DF}.Release|Any CPU.ActiveCfg = Release|Any CPU
		{3FE2A864-E7A3-4665-8E7B-F0B3D5A9F4DF}.Release|Any CPU.Build.0 = Release|Any CPU
		{FEC2B0C2-EC32-4F7D-AED2-50D55B6A0F30}.Debug|Any CPU.ActiveCfg = Debug|Any CPU
		{FEC2B0C2-EC32-4F7D-AED2-50D55B6A0F30}.Debug|Any CPU.Build.0 = Debug|Any CPU
		{FEC2B0C2-EC32-4F7D-AED2-50D55B6A0F30}.Release|Any CPU.ActiveCfg = Release|Any CPU
		{FEC2B0C2-EC32-4F7D-AED2-50D55B6A0F30}.Release|Any CPU.Build.0 = Release|Any CPU
		{67F10F8C-F708-4D54-8AF2-9D391CBA9B5F}.Debug|Any CPU.ActiveCfg = Debug|Any CPU
		{67F10F8C-F708-4D54-8AF2-9D391CBA9B5F}.Debug|Any CPU.Build.0 = Debug|Any CPU
		{67F10F8C-F708-4D54-8AF2-9D391CBA9B5F}.Release|Any CPU.ActiveCfg = Release|Any CPU
		{67F10F8C-F708-4D54-8AF2-9D391CBA9B5F}.Release|Any CPU.Build.0 = Release|Any CPU
		{BAB7E310-3F30-461D-8384-D55DBD25471E}.Debug|Any CPU.ActiveCfg = Debug|Any CPU
		{BAB7E310-3F30-461D-8384-D55DBD25471E}.Debug|Any CPU.Build.0 = Debug|Any CPU
		{BAB7E310-3F30-461D-8384-D55DBD25471E}.Release|Any CPU.ActiveCfg = Release|Any CPU
		{BAB7E310-3F30-461D-8384-D55DBD25471E}.Release|Any CPU.Build.0 = Release|Any CPU
		{95739A2D-B0A5-4F75-9F2E-AD626F5B15DA}.Debug|Any CPU.ActiveCfg = Debug|Any CPU
		{95739A2D-B0A5-4F75-9F2E-AD626F5B15DA}.Debug|Any CPU.Build.0 = Debug|Any CPU
		{95739A2D-B0A5-4F75-9F2E-AD626F5B15DA}.Release|Any CPU.ActiveCfg = Release|Any CPU
		{95739A2D-B0A5-4F75-9F2E-AD626F5B15DA}.Release|Any CPU.Build.0 = Release|Any CPU
		{D16F0E5E-B6C7-4AA8-95D9-7A9B3B7BCA40}.Debug|Any CPU.ActiveCfg = Debug|Any CPU
		{D16F0E5E-B6C7-4AA8-95D9-7A9B3B7BCA40}.Debug|Any CPU.Build.0 = Debug|Any CPU
		{D16F0E5E-B6C7-4AA8-95D9-7A9B3B7BCA40}.Release|Any CPU.ActiveCfg = Release|Any CPU
		{D16F0E5E-B6C7-4AA8-95D9-7A9B3B7BCA40}.Release|Any CPU.Build.0 = Release|Any CPU
		{0C2E0A2F-2ABE-4AA3-AAFB-BF2CE24D2D82}.Debug|Any CPU.ActiveCfg = Debug|Any CPU
		{0C2E0A2F-2ABE-4AA3-AAFB-BF2CE24D2D82}.Debug|Any CPU.Build.0 = Debug|Any CPU
		{0C2E0A2F-2ABE-4AA3-AAFB-BF2CE24D2D82}.Release|Any CPU.ActiveCfg = Release|Any CPU
		{0C2E0A2F-2ABE-4AA3-AAFB-BF2CE24D2D82}.Release|Any CPU.Build.0 = Release|Any CPU
		{4994CC12-5FEF-4AC1-B8A0-F359778EE3DC}.Debug|Any CPU.ActiveCfg = Debug|Any CPU
		{4994CC12-5FEF-4AC1-B8A0-F359778EE3DC}.Debug|Any CPU.Build.0 = Debug|Any CPU
		{4994CC12-5FEF-4AC1-B8A0-F359778EE3DC}.Release|Any CPU.ActiveCfg = Release|Any CPU
		{4994CC12-5FEF-4AC1-B8A0-F359778EE3DC}.Release|Any CPU.Build.0 = Release|Any CPU
		{AEE78E75-360B-432A-AAD1-00F25AA65504}.Debug|Any CPU.ActiveCfg = Debug|Any CPU
		{AEE78E75-360B-432A-AAD1-00F25AA65504}.Debug|Any CPU.Build.0 = Debug|Any CPU
		{AEE78E75-360B-432A-AAD1-00F25AA65504}.Release|Any CPU.ActiveCfg = Release|Any CPU
		{AEE78E75-360B-432A-AAD1-00F25AA65504}.Release|Any CPU.Build.0 = Release|Any CPU
		{3A75BAB9-5F9D-4396-8387-35B09182951A}.Debug|Any CPU.ActiveCfg = Debug|Any CPU
		{3A75BAB9-5F9D-4396-8387-35B09182951A}.Debug|Any CPU.Build.0 = Debug|Any CPU
		{3A75BAB9-5F9D-4396-8387-35B09182951A}.Release|Any CPU.ActiveCfg = Release|Any CPU
		{3A75BAB9-5F9D-4396-8387-35B09182951A}.Release|Any CPU.Build.0 = Release|Any CPU
		{CA72A191-6CE6-40E7-84C6-6DA479EA9BB5}.Debug|Any CPU.ActiveCfg = Debug|Any CPU
		{CA72A191-6CE6-40E7-84C6-6DA479EA9BB5}.Debug|Any CPU.Build.0 = Debug|Any CPU
		{CA72A191-6CE6-40E7-84C6-6DA479EA9BB5}.Release|Any CPU.ActiveCfg = Release|Any CPU
		{CA72A191-6CE6-40E7-84C6-6DA479EA9BB5}.Release|Any CPU.Build.0 = Release|Any CPU
		{B48DE792-E5CF-4088-B4F5-8ABD398031E7}.Debug|Any CPU.ActiveCfg = Debug|Any CPU
		{B48DE792-E5CF-4088-B4F5-8ABD398031E7}.Debug|Any CPU.Build.0 = Debug|Any CPU
		{B48DE792-E5CF-4088-B4F5-8ABD398031E7}.Release|Any CPU.ActiveCfg = Release|Any CPU
		{B48DE792-E5CF-4088-B4F5-8ABD398031E7}.Release|Any CPU.Build.0 = Release|Any CPU
		{3BC90728-EC86-4773-A0AA-62E1ABC9F423}.Debug|Any CPU.ActiveCfg = Debug|Any CPU
		{3BC90728-EC86-4773-A0AA-62E1ABC9F423}.Debug|Any CPU.Build.0 = Debug|Any CPU
		{3BC90728-EC86-4773-A0AA-62E1ABC9F423}.Release|Any CPU.ActiveCfg = Release|Any CPU
		{3BC90728-EC86-4773-A0AA-62E1ABC9F423}.Release|Any CPU.Build.0 = Release|Any CPU
		{68F79285-DD49-4857-860A-4FB01012F22C}.Debug|Any CPU.ActiveCfg = Debug|Any CPU
		{68F79285-DD49-4857-860A-4FB01012F22C}.Debug|Any CPU.Build.0 = Debug|Any CPU
		{68F79285-DD49-4857-860A-4FB01012F22C}.Release|Any CPU.ActiveCfg = Release|Any CPU
		{68F79285-DD49-4857-860A-4FB01012F22C}.Release|Any CPU.Build.0 = Release|Any CPU
		{911AE3AB-32A7-4364-9673-0877C58FB269}.Debug|Any CPU.ActiveCfg = Debug|Any CPU
		{911AE3AB-32A7-4364-9673-0877C58FB269}.Debug|Any CPU.Build.0 = Debug|Any CPU
		{911AE3AB-32A7-4364-9673-0877C58FB269}.Release|Any CPU.ActiveCfg = Release|Any CPU
		{911AE3AB-32A7-4364-9673-0877C58FB269}.Release|Any CPU.Build.0 = Release|Any CPU
		{23636806-6902-4F35-8D9D-481C05CD227A}.Debug|Any CPU.ActiveCfg = Debug|Any CPU
		{23636806-6902-4F35-8D9D-481C05CD227A}.Debug|Any CPU.Build.0 = Debug|Any CPU
		{23636806-6902-4F35-8D9D-481C05CD227A}.Release|Any CPU.ActiveCfg = Release|Any CPU
		{23636806-6902-4F35-8D9D-481C05CD227A}.Release|Any CPU.Build.0 = Release|Any CPU
		{D8719BCF-7854-478C-BB22-A10B4A9A0628}.Debug|Any CPU.ActiveCfg = Debug|Any CPU
		{D8719BCF-7854-478C-BB22-A10B4A9A0628}.Debug|Any CPU.Build.0 = Debug|Any CPU
		{D8719BCF-7854-478C-BB22-A10B4A9A0628}.Release|Any CPU.ActiveCfg = Release|Any CPU
		{D8719BCF-7854-478C-BB22-A10B4A9A0628}.Release|Any CPU.Build.0 = Release|Any CPU
		{97A3BC32-3766-4DD9-BD8D-B5EE600AC993}.Debug|Any CPU.ActiveCfg = Debug|Any CPU
		{97A3BC32-3766-4DD9-BD8D-B5EE600AC993}.Debug|Any CPU.Build.0 = Debug|Any CPU
		{97A3BC32-3766-4DD9-BD8D-B5EE600AC993}.Release|Any CPU.ActiveCfg = Release|Any CPU
		{97A3BC32-3766-4DD9-BD8D-B5EE600AC993}.Release|Any CPU.Build.0 = Release|Any CPU
		{8A031AC2-76D2-44B0-A9E2-F75670F897B8}.Debug|Any CPU.ActiveCfg = Debug|Any CPU
		{8A031AC2-76D2-44B0-A9E2-F75670F897B8}.Debug|Any CPU.Build.0 = Debug|Any CPU
		{8A031AC2-76D2-44B0-A9E2-F75670F897B8}.Release|Any CPU.ActiveCfg = Release|Any CPU
		{8A031AC2-76D2-44B0-A9E2-F75670F897B8}.Release|Any CPU.Build.0 = Release|Any CPU
		{0960BED4-6E6E-4AC5-8187-C73B9F0FB95D}.Debug|Any CPU.ActiveCfg = Debug|Any CPU
		{0960BED4-6E6E-4AC5-8187-C73B9F0FB95D}.Debug|Any CPU.Build.0 = Debug|Any CPU
		{0960BED4-6E6E-4AC5-8187-C73B9F0FB95D}.Release|Any CPU.ActiveCfg = Release|Any CPU
		{0960BED4-6E6E-4AC5-8187-C73B9F0FB95D}.Release|Any CPU.Build.0 = Release|Any CPU
		{264CE52B-7E13-4322-A7B7-D585AA428506}.Debug|Any CPU.ActiveCfg = Debug|Any CPU
		{264CE52B-7E13-4322-A7B7-D585AA428506}.Debug|Any CPU.Build.0 = Debug|Any CPU
		{264CE52B-7E13-4322-A7B7-D585AA428506}.Release|Any CPU.ActiveCfg = Release|Any CPU
		{264CE52B-7E13-4322-A7B7-D585AA428506}.Release|Any CPU.Build.0 = Release|Any CPU
		{26637DB9-393A-451C-A533-04AC2E99993A}.Debug|Any CPU.ActiveCfg = Debug|Any CPU
		{26637DB9-393A-451C-A533-04AC2E99993A}.Debug|Any CPU.Build.0 = Debug|Any CPU
		{26637DB9-393A-451C-A533-04AC2E99993A}.Release|Any CPU.ActiveCfg = Release|Any CPU
		{26637DB9-393A-451C-A533-04AC2E99993A}.Release|Any CPU.Build.0 = Release|Any CPU
		{D39365D7-3CDA-4749-A8CC-5536A2E1CAF8}.Debug|Any CPU.ActiveCfg = Debug|Any CPU
		{D39365D7-3CDA-4749-A8CC-5536A2E1CAF8}.Debug|Any CPU.Build.0 = Debug|Any CPU
		{D39365D7-3CDA-4749-A8CC-5536A2E1CAF8}.Release|Any CPU.ActiveCfg = Release|Any CPU
		{D39365D7-3CDA-4749-A8CC-5536A2E1CAF8}.Release|Any CPU.Build.0 = Release|Any CPU
		{2CAB5292-5365-41F5-BC51-802EDE710444}.Debug|Any CPU.ActiveCfg = Debug|Any CPU
		{2CAB5292-5365-41F5-BC51-802EDE710444}.Debug|Any CPU.Build.0 = Debug|Any CPU
		{2CAB5292-5365-41F5-BC51-802EDE710444}.Release|Any CPU.ActiveCfg = Release|Any CPU
		{2CAB5292-5365-41F5-BC51-802EDE710444}.Release|Any CPU.Build.0 = Release|Any CPU
		{9F18EA7D-EC7B-49E4-897B-26095EB2A738}.Debug|Any CPU.ActiveCfg = Debug|Any CPU
		{9F18EA7D-EC7B-49E4-897B-26095EB2A738}.Debug|Any CPU.Build.0 = Debug|Any CPU
		{9F18EA7D-EC7B-49E4-897B-26095EB2A738}.Release|Any CPU.ActiveCfg = Release|Any CPU
		{9F18EA7D-EC7B-49E4-897B-26095EB2A738}.Release|Any CPU.Build.0 = Release|Any CPU
		{C7312324-58D0-441F-99B0-C7AE66A7A97E}.Debug|Any CPU.ActiveCfg = Debug|Any CPU
		{C7312324-58D0-441F-99B0-C7AE66A7A97E}.Debug|Any CPU.Build.0 = Debug|Any CPU
		{C7312324-58D0-441F-99B0-C7AE66A7A97E}.Release|Any CPU.ActiveCfg = Release|Any CPU
		{C7312324-58D0-441F-99B0-C7AE66A7A97E}.Release|Any CPU.Build.0 = Release|Any CPU
		{A27B8CDD-9DD0-44FD-A0C4-EC5061A7B21F}.Debug|Any CPU.ActiveCfg = Debug|Any CPU
		{A27B8CDD-9DD0-44FD-A0C4-EC5061A7B21F}.Debug|Any CPU.Build.0 = Debug|Any CPU
		{A27B8CDD-9DD0-44FD-A0C4-EC5061A7B21F}.Release|Any CPU.ActiveCfg = Release|Any CPU
		{A27B8CDD-9DD0-44FD-A0C4-EC5061A7B21F}.Release|Any CPU.Build.0 = Release|Any CPU
		{72AE7B7F-2FFD-4ED3-842E-78B48A66E9C1}.Debug|Any CPU.ActiveCfg = Debug|Any CPU
		{72AE7B7F-2FFD-4ED3-842E-78B48A66E9C1}.Debug|Any CPU.Build.0 = Debug|Any CPU
		{72AE7B7F-2FFD-4ED3-842E-78B48A66E9C1}.Release|Any CPU.ActiveCfg = Release|Any CPU
		{72AE7B7F-2FFD-4ED3-842E-78B48A66E9C1}.Release|Any CPU.Build.0 = Release|Any CPU
	EndGlobalSection
	GlobalSection(SolutionProperties) = preSolution
		HideSolutionNode = FALSE
	EndGlobalSection
	GlobalSection(ExtensibilityGlobals) = postSolution
		SolutionGuid = {7EE70C34-FCC2-45FC-AC86-E47DEC8361B5}
	EndGlobalSection
EndGlobal
